[[package]]
name = "flwr"
version = "1.0.0"
description = "Flower - A Friendly Federated Learning Framework"
category = "main"
optional = false
python-versions = ">=3.7,<4.0"

[package.dependencies]
grpcio = ">=1.43.0,<2.0.0"
iterators = ">=0.0.2,<0.0.3"
numpy = ">=1.21.0,<2.0.0"
protobuf = ">=3.19.0,<4.0.0"

[package.extras]
simulation = ["ray[default] (>=1.13.0,<1.14.0)"]

[[package]]
name = "grpcio"
version = "1.49.0"
description = "HTTP/2-based RPC framework"
category = "main"
optional = false
python-versions = ">=3.7"

[package.dependencies]
six = ">=1.5.2"

[package.extras]
protobuf = ["grpcio-tools (>=1.49.0)"]

[[package]]
name = "iterators"
version = "0.0.2"
description = "Iterator utility classes and functions"
category = "main"
optional = false
python-versions = ">=3.6"

[[package]]
name = "joblib"
version = "1.2.0"
description = "Lightweight pipelining with Python functions"
category = "main"
optional = false
python-versions = ">=3.7"

[[package]]
name = "numpy"
version = "1.23.3"
description = "NumPy is the fundamental package for array computing with Python."
category = "main"
optional = false
python-versions = ">=3.8"

[[package]]
name = "protobuf"
version = "3.20.2"
description = "Protocol Buffers"
category = "main"
optional = false
python-versions = ">=3.7"

[[package]]
name = "scikit-learn"
version = "1.1.2"
description = "A set of python modules for machine learning and data mining"
category = "main"
optional = false
python-versions = ">=3.8"

[package.dependencies]
joblib = ">=1.0.0"
numpy = ">=1.17.3"
scipy = ">=1.3.2"
threadpoolctl = ">=2.0.0"

[package.extras]
benchmark = ["matplotlib (>=3.1.2)", "memory-profiler (>=0.57.0)", "pandas (>=1.0.5)"]
docs = ["Pillow (>=7.1.2)", "matplotlib (>=3.1.2)", "memory-profiler (>=0.57.0)", "numpydoc (>=1.2.0)", "pandas (>=1.0.5)", "scikit-image (>=0.16.2)", "seaborn (>=0.9.0)", "sphinx (>=4.0.1)", "sphinx-gallery (>=0.7.0)", "sphinx-prompt (>=1.3.0)", "sphinxext-opengraph (>=0.4.2)"]
examples = ["matplotlib (>=3.1.2)", "pandas (>=1.0.5)", "scikit-image (>=0.16.2)", "seaborn (>=0.9.0)"]
tests = ["black (>=22.3.0)", "flake8 (>=3.8.2)", "matplotlib (>=3.1.2)", "mypy (>=0.961)", "numpydoc (>=1.2.0)", "pandas (>=1.0.5)", "pyamg (>=4.0.0)", "pytest (>=5.0.1)", "pytest-cov (>=2.9.0)", "scikit-image (>=0.16.2)"]

[[package]]
name = "scipy"
version = "1.6.1"
description = "SciPy: Scientific Library for Python"
category = "main"
optional = false
python-versions = ">=3.7"

[package.dependencies]
numpy = ">=1.16.5"

[[package]]
name = "six"
version = "1.16.0"
description = "Python 2 and 3 compatibility utilities"
category = "main"
optional = false
python-versions = ">=2.7, !=3.0.*, !=3.1.*, !=3.2.*"

[[package]]
name = "threadpoolctl"
version = "3.1.0"
description = "threadpoolctl"
category = "main"
optional = false
python-versions = ">=3.6"

[metadata]
lock-version = "1.1"
python-versions = "^3.10"
content-hash = "1ae0c8b46727d1e224a555ba29cd253f81671ac8e1e74c7990bff42543fc7900"

[metadata.files]
flwr = [
    {file = "flwr-1.0.0-py3-none-any.whl", hash = "sha256:2cd2fed40392a39cea96c143fa53607e8280fa0ead56add4ba04530c4ea295a6"},
    {file = "flwr-1.0.0.tar.gz", hash = "sha256:f4f1c3020ab3088d7b8f9ff2614c061cc7561d004f4fd2aa54aadf361527f70b"},
]
grpcio = [
    {file = "grpcio-1.49.0-cp310-cp310-linux_armv7l.whl", hash = "sha256:79298b2b153d00f34ecbf5db8ec1be9bf37172ff9d2b63a2e0c6ef67f85daf1e"},
    {file = "grpcio-1.49.0-cp310-cp310-macosx_10_10_x86_64.whl", hash = "sha256:ebb539e0cf618593dc08ea9bf6fc72c538b632663f8efc1a344f6db62545dfaa"},
    {file = "grpcio-1.49.0-cp310-cp310-manylinux_2_17_aarch64.whl", hash = "sha256:7ea88f3dfe2606a93193e8dc240659b5eedcee77ef90d655cbc792273a5c3eb2"},
    {file = "grpcio-1.49.0-cp310-cp310-manylinux_2_17_i686.manylinux2014_i686.whl", hash = "sha256:a821831518758b725ba857d791a43959e8ffdbe5935e89a50222496fe2ed0f9c"},
    {file = "grpcio-1.49.0-cp310-cp310-manylinux_2_17_x86_64.manylinux2014_x86_64.whl", hash = "sha256:91763e949104894b639ad47243c69988fc0bbdcbead995280f7d3fcba3824a79"},
    {file = "grpcio-1.49.0-cp310-cp310-musllinux_1_1_i686.whl", hash = "sha256:ad119d3db3a284e8f0dbf0149b904280e17a13c9eca38a250109cbee9d569a1d"},
    {file = "grpcio-1.49.0-cp310-cp310-musllinux_1_1_x86_64.whl", hash = "sha256:e26d4b147447cf63e7e20e92c7b938b6279c0cd463b421f0f6ecc2d991161614"},
    {file = "grpcio-1.49.0-cp310-cp310-win32.whl", hash = "sha256:172cfa96c6d4de9d84bbd00ffea7aebe820f44430d31cdfea6ec6d209007c117"},
    {file = "grpcio-1.49.0-cp310-cp310-win_amd64.whl", hash = "sha256:07bbbb2675d5bcd5ea0dd5dc39d47d8cd9f81e12d5689d79079f5eb9bad87127"},
    {file = "grpcio-1.49.0-cp311-cp311-linux_armv7l.whl", hash = "sha256:a3eccffe9cac99883cbfdcaac0af3d346d5499a7fcb7d57fdd2ec21209471c39"},
    {file = "grpcio-1.49.0-cp311-cp311-macosx_10_10_x86_64.whl", hash = "sha256:77742b6805c2b46a59b76f924b3018de89c4e3b565df7ef2d79d4d8eecd37a20"},
    {file = "grpcio-1.49.0-cp311-cp311-manylinux_2_17_i686.manylinux2014_i686.whl", hash = "sha256:875cb37144865cc4d26e91add8c9672cf2c95f3547f15ae3daba8f27064fdb30"},
    {file = "grpcio-1.49.0-cp311-cp311-manylinux_2_17_x86_64.manylinux2014_x86_64.whl", hash = "sha256:1532064b23130be7760c940b82961e3661cb785f686204a937e8edca007069fe"},
    {file = "grpcio-1.49.0-cp311-cp311-musllinux_1_1_i686.whl", hash = "sha256:3477cec9b89334ddbb09b44cf099e9a81f4090b48fdd63310f91b71a762896d6"},
    {file = "grpcio-1.49.0-cp311-cp311-musllinux_1_1_x86_64.whl", hash = "sha256:cb4a3812e90d8189ff96b1779c7e7e56d13e7525ef4928b7d897c62c0d8936e3"},
    {file = "grpcio-1.49.0-cp311-cp311-win32.whl", hash = "sha256:a9e154ff1d55540db0ff9ee123687c45e7946a235d22a44c5347b2384b2a4753"},
    {file = "grpcio-1.49.0-cp311-cp311-win_amd64.whl", hash = "sha256:894fba84ef949c7f2403eaf09c9d2421eeeec447f4d61829353a371d4d1edb57"},
    {file = "grpcio-1.49.0-cp37-cp37m-linux_armv7l.whl", hash = "sha256:fcd45c259cabb739b8b0c3a539ad2796f627fef77e53e55e6c2b5389b59a00ff"},
    {file = "grpcio-1.49.0-cp37-cp37m-macosx_10_10_x86_64.whl", hash = "sha256:4ae542364be7b2cb13d8372c2a601a84c77a93327c93a31cda64fd9c5c333448"},
    {file = "grpcio-1.49.0-cp37-cp37m-manylinux_2_17_aarch64.whl", hash = "sha256:3e7b20e78b8dcee038002fd42ae13d5e6e81efa7d21cc6682a25f4cbd18f0491"},
    {file = "grpcio-1.49.0-cp37-cp37m-manylinux_2_17_i686.manylinux2014_i686.whl", hash = "sha256:82a40b2fea553a85d045b1934633d108643d3b870a08fa19d47137d967e8e716"},
    {file = "grpcio-1.49.0-cp37-cp37m-manylinux_2_17_x86_64.manylinux2014_x86_64.whl", hash = "sha256:85150bce2438feb2a814e0c2dec09fb6e86a58b69a06279a1a49426b88b84176"},
    {file = "grpcio-1.49.0-cp37-cp37m-musllinux_1_1_i686.whl", hash = "sha256:db056a709ea38b2da97a6811ed6719329f6576a32240e102e897a05b681a1674"},
    {file = "grpcio-1.49.0-cp37-cp37m-musllinux_1_1_x86_64.whl", hash = "sha256:41d8e725b816964691650967b017a621d935ba7393a153fcf8d6dcae5e41e4b3"},
    {file = "grpcio-1.49.0-cp37-cp37m-win32.whl", hash = "sha256:6ea56034245fe04ca3c411d2bf7032782722973e4cd2964e89d55110d2142bac"},
    {file = "grpcio-1.49.0-cp37-cp37m-win_amd64.whl", hash = "sha256:bc39e9bd568b210ba9e44819736eb5e95cada054381dec5a3d2ec0a5f7c0178f"},
    {file = "grpcio-1.49.0-cp38-cp38-linux_armv7l.whl", hash = "sha256:8d6f4ace5b41502b11c2456d2fa3a2d7ee776bbb7d2c3c05e0309d420654c95a"},
    {file = "grpcio-1.49.0-cp38-cp38-macosx_10_10_x86_64.whl", hash = "sha256:9736f24b9a0a5b66df739fa2e82132c1c420cc470df003e53596dcec8d90a52a"},
    {file = "grpcio-1.49.0-cp38-cp38-manylinux_2_17_aarch64.whl", hash = "sha256:a0c39a3d81a727d36c855781886a66d868681e5dc8de76a766a7c3c4827f649b"},
    {file = "grpcio-1.49.0-cp38-cp38-manylinux_2_17_i686.manylinux2014_i686.whl", hash = "sha256:63c3823fc525882989c0a42191d1efeb37c4d4f4c1dc555cc21d721fe11570e3"},
    {file = "grpcio-1.49.0-cp38-cp38-manylinux_2_17_x86_64.manylinux2014_x86_64.whl", hash = "sha256:b0522e5c678411977db57bb6a4c6dd29e1defc0961ebf2c0a29871459cce0fd9"},
    {file = "grpcio-1.49.0-cp38-cp38-musllinux_1_1_i686.whl", hash = "sha256:3cc65127b0755fc0cf4f7e095f2d0ed25fe225eb1525b76c0a32de3efaf7c22f"},
    {file = "grpcio-1.49.0-cp38-cp38-musllinux_1_1_x86_64.whl", hash = "sha256:717ed04e949022e33e10c4d11b2a9567da2de5a02019535058482ea54d9f795c"},
    {file = "grpcio-1.49.0-cp38-cp38-win32.whl", hash = "sha256:dcb480c4141dd051120a3de9af555ef09fc3ce1d0cb47e95b22ac1406554af18"},
    {file = "grpcio-1.49.0-cp38-cp38-win_amd64.whl", hash = "sha256:faa91b060bf3c520d0a4f11bd550d1b4026d649f188b082690270182fb462ec4"},
    {file = "grpcio-1.49.0-cp39-cp39-linux_armv7l.whl", hash = "sha256:5df1748ac9d679f47ee39226a7389f73e8c7c49910c7493b0f61735825a0b5ec"},
    {file = "grpcio-1.49.0-cp39-cp39-macosx_10_10_x86_64.whl", hash = "sha256:4f70df4d99945a7dc4a358cf0d2c027bba2d3125bc8ad1acb069480747fc58de"},
    {file = "grpcio-1.49.0-cp39-cp39-manylinux_2_17_aarch64.whl", hash = "sha256:6cbcbbab1c8f677d6b3bb55b22bfce87bd10713a8ef439098f86ada96e69eda8"},
    {file = "grpcio-1.49.0-cp39-cp39-manylinux_2_17_i686.manylinux2014_i686.whl", hash = "sha256:b40ca1a353ad0410f979d3ac7fdb07e2ad65717411c0c3e2df12a4b811898637"},
    {file = "grpcio-1.49.0-cp39-cp39-manylinux_2_17_x86_64.manylinux2014_x86_64.whl", hash = "sha256:ede5041e8a98ce8761d7b6d966da872ac6a5bf2d8de776b402ea509c8ba8a8bc"},
    {file = "grpcio-1.49.0-cp39-cp39-musllinux_1_1_i686.whl", hash = "sha256:49a8a3aa2d61f1940983795cea78d336f86ab2e5c92029adfc7e6a8ee0fe6e3a"},
    {file = "grpcio-1.49.0-cp39-cp39-musllinux_1_1_x86_64.whl", hash = "sha256:b3bc29e95a578b5c5a1bf2908ef56f45ad8b669178298cf6a8357a6883baff99"},
    {file = "grpcio-1.49.0-cp39-cp39-win32.whl", hash = "sha256:60d31d1377429f0f83fe10887276e8bdef16fb297dfbccab896a145d7b171bc8"},
    {file = "grpcio-1.49.0-cp39-cp39-win_amd64.whl", hash = "sha256:4e0374c5b31fdf5cd4a2f3209e5341762a34c80acedbaca0896ccb904ecdd707"},
    {file = "grpcio-1.49.0.tar.gz", hash = "sha256:90ec337f36db26fbc70a4c032bcbabb2008f950f4194e99385118a12688fdf92"},
]
iterators = [
    {file = "iterators-0.0.2-py3-none-any.whl", hash = "sha256:ac2a9d8af1dd9eed051ccab4a1905a1343d66bbc9f451567d94f6e2744f30fce"},
    {file = "iterators-0.0.2.tar.gz", hash = "sha256:4f6a5b39c3c724edd5c7231a589d463ad50357cdc35494a3c71730795b78eb50"},
]
joblib = [
    {file = "joblib-1.2.0-py3-none-any.whl", hash = "sha256:091138ed78f800342968c523bdde947e7a305b8594b910a0fea2ab83c3c6d385"},
    {file = "joblib-1.2.0.tar.gz", hash = "sha256:e1cee4a79e4af22881164f218d4311f60074197fb707e082e803b61f6d137018"},
]
numpy = [
    {file = "numpy-1.23.3-cp310-cp310-macosx_10_9_x86_64.whl", hash = "sha256:c9f707b5bb73bf277d812ded9896f9512a43edff72712f31667d0a8c2f8e71ee"},
    {file = "numpy-1.23.3-cp310-cp310-macosx_11_0_arm64.whl", hash = "sha256:ffcf105ecdd9396e05a8e58e81faaaf34d3f9875f137c7372450baa5d77c9a54"},
    {file = "numpy-1.23.3-cp310-cp310-manylinux_2_17_aarch64.manylinux2014_aarch64.whl", hash = "sha256:0ea3f98a0ffce3f8f57675eb9119f3f4edb81888b6874bc1953f91e0b1d4f440"},
    {file = "numpy-1.23.3-cp310-cp310-manylinux_2_17_x86_64.manylinux2014_x86_64.whl", hash = "sha256:004f0efcb2fe1c0bd6ae1fcfc69cc8b6bf2407e0f18be308612007a0762b4089"},
    {file = "numpy-1.23.3-cp310-cp310-win32.whl", hash = "sha256:98dcbc02e39b1658dc4b4508442a560fe3ca5ca0d989f0df062534e5ca3a5c1a"},
    {file = "numpy-1.23.3-cp310-cp310-win_amd64.whl", hash = "sha256:39a664e3d26ea854211867d20ebcc8023257c1800ae89773cbba9f9e97bae036"},
    {file = "numpy-1.23.3-cp311-cp311-macosx_10_9_x86_64.whl", hash = "sha256:1f27b5322ac4067e67c8f9378b41c746d8feac8bdd0e0ffede5324667b8a075c"},
    {file = "numpy-1.23.3-cp311-cp311-macosx_11_0_arm64.whl", hash = "sha256:2ad3ec9a748a8943e6eb4358201f7e1c12ede35f510b1a2221b70af4bb64295c"},
    {file = "numpy-1.23.3-cp311-cp311-manylinux_2_17_aarch64.manylinux2014_aarch64.whl", hash = "sha256:bdc9febce3e68b697d931941b263c59e0c74e8f18861f4064c1f712562903411"},
    {file = "numpy-1.23.3-cp311-cp311-manylinux_2_17_x86_64.manylinux2014_x86_64.whl", hash = "sha256:301c00cf5e60e08e04d842fc47df641d4a181e651c7135c50dc2762ffe293dbd"},
    {file = "numpy-1.23.3-cp311-cp311-win32.whl", hash = "sha256:7cd1328e5bdf0dee621912f5833648e2daca72e3839ec1d6695e91089625f0b4"},
    {file = "numpy-1.23.3-cp311-cp311-win_amd64.whl", hash = "sha256:8355fc10fd33a5a70981a5b8a0de51d10af3688d7a9e4a34fcc8fa0d7467bb7f"},
    {file = "numpy-1.23.3-cp38-cp38-macosx_10_9_x86_64.whl", hash = "sha256:bc6e8da415f359b578b00bcfb1d08411c96e9a97f9e6c7adada554a0812a6cc6"},
    {file = "numpy-1.23.3-cp38-cp38-macosx_11_0_arm64.whl", hash = "sha256:22d43376ee0acd547f3149b9ec12eec2f0ca4a6ab2f61753c5b29bb3e795ac4d"},
    {file = "numpy-1.23.3-cp38-cp38-manylinux_2_17_aarch64.manylinux2014_aarch64.whl", hash = "sha256:a64403f634e5ffdcd85e0b12c08f04b3080d3e840aef118721021f9b48fc1460"},
    {file = "numpy-1.23.3-cp38-cp38-manylinux_2_17_x86_64.manylinux2014_x86_64.whl", hash = "sha256:efd9d3abe5774404becdb0748178b48a218f1d8c44e0375475732211ea47c67e"},
    {file = "numpy-1.23.3-cp38-cp38-win32.whl", hash = "sha256:f8c02ec3c4c4fcb718fdf89a6c6f709b14949408e8cf2a2be5bfa9c49548fd85"},
    {file = "numpy-1.23.3-cp38-cp38-win_amd64.whl", hash = "sha256:e868b0389c5ccfc092031a861d4e158ea164d8b7fdbb10e3b5689b4fc6498df6"},
    {file = "numpy-1.23.3-cp39-cp39-macosx_10_9_x86_64.whl", hash = "sha256:09f6b7bdffe57fc61d869a22f506049825d707b288039d30f26a0d0d8ea05164"},
    {file = "numpy-1.23.3-cp39-cp39-macosx_11_0_arm64.whl", hash = "sha256:8c79d7cf86d049d0c5089231a5bcd31edb03555bd93d81a16870aa98c6cfb79d"},
    {file = "numpy-1.23.3-cp39-cp39-manylinux_2_17_aarch64.manylinux2014_aarch64.whl", hash = "sha256:e5d5420053bbb3dd64c30e58f9363d7a9c27444c3648e61460c1237f9ec3fa14"},
    {file = "numpy-1.23.3-cp39-cp39-manylinux_2_17_x86_64.manylinux2014_x86_64.whl", hash = "sha256:d5422d6a1ea9b15577a9432e26608c73a78faf0b9039437b075cf322c92e98e7"},
    {file = "numpy-1.23.3-cp39-cp39-win32.whl", hash = "sha256:c1ba66c48b19cc9c2975c0d354f24058888cdc674bebadceb3cdc9ec403fb5d1"},
    {file = "numpy-1.23.3-cp39-cp39-win_amd64.whl", hash = "sha256:78a63d2df1d947bd9d1b11d35564c2f9e4b57898aae4626638056ec1a231c40c"},
    {file = "numpy-1.23.3-pp38-pypy38_pp73-macosx_10_9_x86_64.whl", hash = "sha256:17c0e467ade9bda685d5ac7f5fa729d8d3e76b23195471adae2d6a6941bd2c18"},
    {file = "numpy-1.23.3-pp38-pypy38_pp73-manylinux_2_17_x86_64.manylinux2014_x86_64.whl", hash = "sha256:91b8d6768a75247026e951dce3b2aac79dc7e78622fc148329135ba189813584"},
    {file = "numpy-1.23.3-pp38-pypy38_pp73-win_amd64.whl", hash = "sha256:94c15ca4e52671a59219146ff584488907b1f9b3fc232622b47e2cf832e94fb8"},
    {file = "numpy-1.23.3.tar.gz", hash = "sha256:51bf49c0cd1d52be0a240aa66f3458afc4b95d8993d2d04f0d91fa60c10af6cd"},
]
protobuf = [
    {file = "protobuf-3.20.2-cp310-cp310-macosx_10_9_universal2.whl", hash = "sha256:9f876a69ca55aed879b43c295a328970306e8e80a263ec91cf6e9189243c613b"},
    {file = "protobuf-3.20.2-cp310-cp310-manylinux2014_aarch64.whl", hash = "sha256:09e25909c4297d71d97612f04f41cea8fa8510096864f2835ad2f3b3df5a5559"},
    {file = "protobuf-3.20.2-cp310-cp310-manylinux_2_12_x86_64.manylinux2010_x86_64.whl", hash = "sha256:e8fbc522303e09036c752a0afcc5c0603e917222d8bedc02813fd73b4b4ed804"},
    {file = "protobuf-3.20.2-cp310-cp310-win32.whl", hash = "sha256:84a1544252a933ef07bb0b5ef13afe7c36232a774affa673fc3636f7cee1db6c"},
    {file = "protobuf-3.20.2-cp310-cp310-win_amd64.whl", hash = "sha256:2c0b040d0b5d5d207936ca2d02f00f765906622c07d3fa19c23a16a8ca71873f"},
    {file = "protobuf-3.20.2-cp36-cp36m-manylinux_2_5_x86_64.manylinux1_x86_64.whl", hash = "sha256:3cb608e5a0eb61b8e00fe641d9f0282cd0eedb603be372f91f163cbfbca0ded0"},
    {file = "protobuf-3.20.2-cp37-cp37m-macosx_10_9_x86_64.whl", hash = "sha256:84fe5953b18a383fd4495d375fe16e1e55e0a3afe7b4f7b4d01a3a0649fcda9d"},
    {file = "protobuf-3.20.2-cp37-cp37m-manylinux2014_aarch64.whl", hash = "sha256:384164994727f274cc34b8abd41a9e7e0562801361ee77437099ff6dfedd024b"},
    {file = "protobuf-3.20.2-cp37-cp37m-manylinux_2_5_x86_64.manylinux1_x86_64.whl", hash = "sha256:e39cf61bb8582bda88cdfebc0db163b774e7e03364bbf9ce1ead13863e81e359"},
    {file = "protobuf-3.20.2-cp37-cp37m-win32.whl", hash = "sha256:18e34a10ae10d458b027d7638a599c964b030c1739ebd035a1dfc0e22baa3bfe"},
    {file = "protobuf-3.20.2-cp37-cp37m-win_amd64.whl", hash = "sha256:8228e56a865c27163d5d1d1771d94b98194aa6917bcfb6ce139cbfa8e3c27334"},
    {file = "protobuf-3.20.2-cp38-cp38-macosx_10_9_x86_64.whl", hash = "sha256:03d76b7bd42ac4a6e109742a4edf81ffe26ffd87c5993126d894fe48a120396a"},
    {file = "protobuf-3.20.2-cp38-cp38-manylinux2014_aarch64.whl", hash = "sha256:f52dabc96ca99ebd2169dadbe018824ebda08a795c7684a0b7d203a290f3adb0"},
    {file = "protobuf-3.20.2-cp38-cp38-manylinux_2_5_x86_64.manylinux1_x86_64.whl", hash = "sha256:f34464ab1207114e73bba0794d1257c150a2b89b7a9faf504e00af7c9fd58978"},
    {file = "protobuf-3.20.2-cp38-cp38-win32.whl", hash = "sha256:5d9402bf27d11e37801d1743eada54372f986a372ec9679673bfcc5c60441151"},
    {file = "protobuf-3.20.2-cp38-cp38-win_amd64.whl", hash = "sha256:9c673c8bfdf52f903081816b9e0e612186684f4eb4c17eeb729133022d6032e3"},
    {file = "protobuf-3.20.2-cp39-cp39-macosx_10_9_x86_64.whl", hash = "sha256:291fb4307094bf5ccc29f424b42268640e00d5240bf0d9b86bf3079f7576474d"},
    {file = "protobuf-3.20.2-cp39-cp39-manylinux2014_aarch64.whl", hash = "sha256:b4fdb29c5a7406e3f7ef176b2a7079baa68b5b854f364c21abe327bbeec01cdb"},
    {file = "protobuf-3.20.2-cp39-cp39-manylinux_2_5_x86_64.manylinux1_x86_64.whl", hash = "sha256:7a5037af4e76c975b88c3becdf53922b5ffa3f2cddf657574a4920a3b33b80f3"},
    {file = "protobuf-3.20.2-cp39-cp39-win32.whl", hash = "sha256:a9e5ae5a8e8985c67e8944c23035a0dff2c26b0f5070b2f55b217a1c33bbe8b1"},
    {file = "protobuf-3.20.2-cp39-cp39-win_amd64.whl", hash = "sha256:c184485e0dfba4dfd451c3bd348c2e685d6523543a0f91b9fd4ae90eb09e8422"},
    {file = "protobuf-3.20.2-py2.py3-none-any.whl", hash = "sha256:c9cdf251c582c16fd6a9f5e95836c90828d51b0069ad22f463761d27c6c19019"},
    {file = "protobuf-3.20.2.tar.gz", hash = "sha256:712dca319eee507a1e7df3591e639a2b112a2f4a62d40fe7832a16fd19151750"},
]
scikit-learn = [
    {file = "scikit-learn-1.1.2.tar.gz", hash = "sha256:7c22d1305b16f08d57751a4ea36071e2215efb4c09cb79183faa4e8e82a3dbf8"},
    {file = "scikit_learn-1.1.2-cp310-cp310-macosx_10_9_x86_64.whl", hash = "sha256:6c840f662b5d3377c4ccb8be1fc21bb52cb5d8b8790f8d6bf021739f84e543cf"},
    {file = "scikit_learn-1.1.2-cp310-cp310-macosx_12_0_arm64.whl", hash = "sha256:2b8db962360c93554cab7bb3c096c4a24695da394dd4b3c3f13409f409b425bc"},
    {file = "scikit_learn-1.1.2-cp310-cp310-manylinux_2_17_aarch64.manylinux2014_aarch64.whl", hash = "sha256:3e7d1fc817867a350133f937aaebcafbc06192517cbdf0cf7e5774ad4d1adb9f"},
    {file = "scikit_learn-1.1.2-cp310-cp310-manylinux_2_17_x86_64.manylinux2014_x86_64.whl", hash = "sha256:5ec3ea40d467966821843210c02117d82b097b54276fdcfb50f4dfb5c60dbe39"},
    {file = "scikit_learn-1.1.2-cp310-cp310-win_amd64.whl", hash = "sha256:bbef6ea1c012ff9f3e6f6e9ca006b8772d8383e177b898091e68fbd9b3f840f9"},
    {file = "scikit_learn-1.1.2-cp38-cp38-macosx_10_9_x86_64.whl", hash = "sha256:a90ca42fe8242fd6ff56cda2fecc5fca586a88a24ab602d275d2d0dcc0b928fb"},
    {file = "scikit_learn-1.1.2-cp38-cp38-macosx_12_0_arm64.whl", hash = "sha256:a682ec0f82b6f30fb07486daed1c8001b6683cc66b51877644dfc532bece6a18"},
    {file = "scikit_learn-1.1.2-cp38-cp38-manylinux_2_17_aarch64.manylinux2014_aarch64.whl", hash = "sha256:c33e16e9a165af6012f5be530ccfbb672e2bc5f9b840238a05eb7f6694304e3f"},
    {file = "scikit_learn-1.1.2-cp38-cp38-manylinux_2_17_x86_64.manylinux2014_x86_64.whl", hash = "sha256:f94c0146bad51daef919c402a3da8c1c6162619653e1c00c92baa168fda292f2"},
    {file = "scikit_learn-1.1.2-cp38-cp38-win32.whl", hash = "sha256:2f46c6e3ff1054a5ec701646dcfd61d43b8ecac4d416014daed8843cf4c33d4d"},
    {file = "scikit_learn-1.1.2-cp38-cp38-win_amd64.whl", hash = "sha256:b1e706deca9b2ad87ae27dafd5ac4e8eff01b6db492ed5c12cef4735ec5f21ea"},
    {file = "scikit_learn-1.1.2-cp39-cp39-macosx_10_9_x86_64.whl", hash = "sha256:567417dbbe6a6278399c3e6daf1654414a5a1a4d818d28f251fa7fc28730a1bf"},
    {file = "scikit_learn-1.1.2-cp39-cp39-macosx_12_0_arm64.whl", hash = "sha256:d6f232779023c3b060b80b5c82e5823723bc424dcac1d1a148aa2492c54d245d"},
    {file = "scikit_learn-1.1.2-cp39-cp39-manylinux_2_17_aarch64.manylinux2014_aarch64.whl", hash = "sha256:589d46f28460469f444b898223b13d99db9463e1038dc581ba698111f612264b"},
    {file = "scikit_learn-1.1.2-cp39-cp39-manylinux_2_17_x86_64.manylinux2014_x86_64.whl", hash = "sha256:76800652fb6d6bf527bce36ecc2cc25738b28fe1a17bd294a218fff8e8bd6d50"},
    {file = "scikit_learn-1.1.2-cp39-cp39-win32.whl", hash = "sha256:1c8fecb7c9984d9ec2ea48898229f98aad681a0873e0935f2b7f724fbce4a047"},
    {file = "scikit_learn-1.1.2-cp39-cp39-win_amd64.whl", hash = "sha256:407e9a1cb9e6ba458a539986a9bd25546a757088095b3aab91d465b79a760d37"},
]
scipy = [
    {file = "scipy-1.6.1-cp37-cp37m-macosx_10_9_x86_64.whl", hash = "sha256:a15a1f3fc0abff33e792d6049161b7795909b40b97c6cc2934ed54384017ab76"},
    {file = "scipy-1.6.1-cp37-cp37m-manylinux1_i686.whl", hash = "sha256:e79570979ccdc3d165456dd62041d9556fb9733b86b4b6d818af7a0afc15f092"},
    {file = "scipy-1.6.1-cp37-cp37m-manylinux1_x86_64.whl", hash = "sha256:a423533c55fec61456dedee7b6ee7dce0bb6bfa395424ea374d25afa262be261"},
    {file = "scipy-1.6.1-cp37-cp37m-manylinux2014_aarch64.whl", hash = "sha256:33d6b7df40d197bdd3049d64e8e680227151673465e5d85723b3b8f6b15a6ced"},
    {file = "scipy-1.6.1-cp37-cp37m-win32.whl", hash = "sha256:6725e3fbb47da428794f243864f2297462e9ee448297c93ed1dcbc44335feb78"},
    {file = "scipy-1.6.1-cp37-cp37m-win_amd64.whl", hash = "sha256:5fa9c6530b1661f1370bcd332a1e62ca7881785cc0f80c0d559b636567fab63c"},
    {file = "scipy-1.6.1-cp38-cp38-macosx_10_9_x86_64.whl", hash = "sha256:bd50daf727f7c195e26f27467c85ce653d41df4358a25b32434a50d8870fc519"},
    {file = "scipy-1.6.1-cp38-cp38-manylinux1_i686.whl", hash = "sha256:f46dd15335e8a320b0fb4685f58b7471702234cba8bb3442b69a3e1dc329c345"},
    {file = "scipy-1.6.1-cp38-cp38-manylinux1_x86_64.whl", hash = "sha256:0e5b0ccf63155d90da576edd2768b66fb276446c371b73841e3503be1d63fb5d"},
    {file = "scipy-1.6.1-cp38-cp38-manylinux2014_aarch64.whl", hash = "sha256:2481efbb3740977e3c831edfd0bd9867be26387cacf24eb5e366a6a374d3d00d"},
    {file = "scipy-1.6.1-cp38-cp38-win32.whl", hash = "sha256:68cb4c424112cd4be886b4d979c5497fba190714085f46b8ae67a5e4416c32b4"},
    {file = "scipy-1.6.1-cp38-cp38-win_amd64.whl", hash = "sha256:5f331eeed0297232d2e6eea51b54e8278ed8bb10b099f69c44e2558c090d06bf"},
    {file = "scipy-1.6.1-cp39-cp39-macosx_10_9_x86_64.whl", hash = "sha256:0c8a51d33556bf70367452d4d601d1742c0e806cd0194785914daf19775f0e67"},
    {file = "scipy-1.6.1-cp39-cp39-manylinux1_i686.whl", hash = "sha256:83bf7c16245c15bc58ee76c5418e46ea1811edcc2e2b03041b804e46084ab627"},
    {file = "scipy-1.6.1-cp39-cp39-manylinux1_x86_64.whl", hash = "sha256:794e768cc5f779736593046c9714e0f3a5940bc6dcc1dba885ad64cbfb28e9f0"},
    {file = "scipy-1.6.1-cp39-cp39-manylinux2014_aarch64.whl", hash = "sha256:5da5471aed911fe7e52b86bf9ea32fb55ae93e2f0fac66c32e58897cfb02fa07"},
    {file = "scipy-1.6.1-cp39-cp39-win32.whl", hash = "sha256:8e403a337749ed40af60e537cc4d4c03febddcc56cd26e774c9b1b600a70d3e4"},
    {file = "scipy-1.6.1-cp39-cp39-win_amd64.whl", hash = "sha256:a5193a098ae9f29af283dcf0041f762601faf2e595c0db1da929875b7570353f"},
    {file = "scipy-1.6.1.tar.gz", hash = "sha256:c4fceb864890b6168e79b0e714c585dbe2fd4222768ee90bc1aa0f8218691b11"},
]
six = [
    {file = "six-1.16.0-py2.py3-none-any.whl", hash = "sha256:8abb2f1d86890a2dfb989f9a77cfcfd3e47c2a354b01111771326f8aa26e0254"},
    {file = "six-1.16.0.tar.gz", hash = "sha256:1e61c37477a1626458e36f7b1d82aa5c9b094fa4802892072e49de9c60c4c926"},
]
threadpoolctl = [
    {file = "threadpoolctl-3.1.0-py3-none-any.whl", hash = "sha256:8b99adda265feb6773280df41eece7b2e6561b772d21ffd52e372f999024907b"},
    {file = "threadpoolctl-3.1.0.tar.gz", hash = "sha256:a335baacfaa4400ae1f0d8e3a58d6674d2f8828e3716bb2802c44955ad391380"},
]
